Microsoft Visual Studio Solution File, Format Version 12.00
# Visual Studio 14
Project("{8BC9CEB8-8B4A-11D0-8D11-00A0C91BC942}") = "ALL_BUILD", "ALL_BUILD.vcxproj", "{E5378C3C-4C50-34FF-AE8B-DB249714EAE0}"
	ProjectSection(ProjectDependencies) = postProject
		{D6F9552B-3010-3B4C-9EB3-373808EE575B} = {D6F9552B-3010-3B4C-9EB3-373808EE575B}
		{7165D6E9-D52D-303B-97FF-605211E7AEF7} = {7165D6E9-D52D-303B-97FF-605211E7AEF7}
		{DF547117-3E49-3A07-8DF6-770B9977757B} = {DF547117-3E49-3A07-8DF6-770B9977757B}
		{F498420B-8169-389C-96F2-A5FFB6A9840F} = {F498420B-8169-389C-96F2-A5FFB6A9840F}
		{45940B78-894C-3729-846D-0C9C8BAD18B4} = {45940B78-894C-3729-846D-0C9C8BAD18B4}
		{309A8DD2-9EDE-3014-8566-C9EF3D30E0F6} = {309A8DD2-9EDE-3014-8566-C9EF3D30E0F6}
		{7829D768-70C3-3713-AE9B-7930C088BD52} = {7829D768-70C3-3713-AE9B-7930C088BD52}
		{EFD0ABA8-17CA-388B-8FB6-ED80BB548314} = {EFD0ABA8-17CA-388B-8FB6-ED80BB548314}
		{4AEC85CD-A5C1-3CA6-BA0B-1835EF50A9B6} = {4AEC85CD-A5C1-3CA6-BA0B-1835EF50A9B6}
	EndProjectSection
EndProject
Project("{8BC9CEB8-8B4A-11D0-8D11-00A0C91BC942}") = "INSTALL", "INSTALL.vcxproj", "{62B0D120-43CC-3822-BADA-C635F4B9199F}"
	ProjectSection(ProjectDependencies) = postProject
		{E5378C3C-4C50-34FF-AE8B-DB249714EAE0} = {E5378C3C-4C50-34FF-AE8B-DB249714EAE0}
		{D6F9552B-3010-3B4C-9EB3-373808EE575B} = {D6F9552B-3010-3B4C-9EB3-373808EE575B}
	EndProjectSection
EndProject
Project("{8BC9CEB8-8B4A-11D0-8D11-00A0C91BC942}") = "RUN_TESTS", "RUN_TESTS.vcxproj", "{B59774D6-7F7C-3BE4-85FF-3AF080A39119}"
	ProjectSection(ProjectDependencies) = postProject
		{D6F9552B-3010-3B4C-9EB3-373808EE575B} = {D6F9552B-3010-3B4C-9EB3-373808EE575B}
	EndProjectSection
EndProject
Project("{8BC9CEB8-8B4A-11D0-8D11-00A0C91BC942}") = "ZERO_CHECK", "ZERO_CHECK.vcxproj", "{D6F9552B-3010-3B4C-9EB3-373808EE575B}"
	ProjectSection(ProjectDependencies) = postProject
	EndProjectSection
EndProject
Project("{8BC9CEB8-8B4A-11D0-8D11-00A0C91BC942}") = "benchmarks_test", "benchmarks_test.vcxproj", "{7165D6E9-D52D-303B-97FF-605211E7AEF7}"
	ProjectSection(ProjectDependencies) = postProject
		{D6F9552B-3010-3B4C-9EB3-373808EE575B} = {D6F9552B-3010-3B4C-9EB3-373808EE575B}
		{45940B78-894C-3729-846D-0C9C8BAD18B4} = {45940B78-894C-3729-846D-0C9C8BAD18B4}
	EndProjectSection
EndProject
Project("{8BC9CEB8-8B4A-11D0-8D11-00A0C91BC942}") = "dependencies_test", "dependencies_test.vcxproj", "{DF547117-3E49-3A07-8DF6-770B9977757B}"
	ProjectSection(ProjectDependencies) = postProject
		{D6F9552B-3010-3B4C-9EB3-373808EE575B} = {D6F9552B-3010-3B4C-9EB3-373808EE575B}
		{45940B78-894C-3729-846D-0C9C8BAD18B4} = {45940B78-894C-3729-846D-0C9C8BAD18B4}
	EndProjectSection
EndProject
Project("{8BC9CEB8-8B4A-11D0-8D11-00A0C91BC942}") = "entity_test", "entity_test.vcxproj", "{F498420B-8169-389C-96F2-A5FFB6A9840F}"
	ProjectSection(ProjectDependencies) = postProject
		{D6F9552B-3010-3B4C-9EB3-373808EE575B} = {D6F9552B-3010-3B4C-9EB3-373808EE575B}
		{45940B78-894C-3729-846D-0C9C8BAD18B4} = {45940B78-894C-3729-846D-0C9C8BAD18B4}
	EndProjectSection
EndProject
Project("{8BC9CEB8-8B4A-11D0-8D11-00A0C91BC942}") = "entityx", "entityx.vcxproj", "{45940B78-894C-3729-846D-0C9C8BAD18B4}"
	ProjectSection(ProjectDependencies) = postProject
		{D6F9552B-3010-3B4C-9EB3-373808EE575B} = {D6F9552B-3010-3B4C-9EB3-373808EE575B}
	EndProjectSection
EndProject
Project("{8BC9CEB8-8B4A-11D0-8D11-00A0C91BC942}") = "event_test", "event_test.vcxproj", "{309A8DD2-9EDE-3014-8566-C9EF3D30E0F6}"
	ProjectSection(ProjectDependencies) = postProject
		{D6F9552B-3010-3B4C-9EB3-373808EE575B} = {D6F9552B-3010-3B4C-9EB3-373808EE575B}
		{45940B78-894C-3729-846D-0C9C8BAD18B4} = {45940B78-894C-3729-846D-0C9C8BAD18B4}
	EndProjectSection
EndProject
Project("{8BC9CEB8-8B4A-11D0-8D11-00A0C91BC942}") = "pool_test", "pool_test.vcxproj", "{7829D768-70C3-3713-AE9B-7930C088BD52}"
	ProjectSection(ProjectDependencies) = postProject
		{D6F9552B-3010-3B4C-9EB3-373808EE575B} = {D6F9552B-3010-3B4C-9EB3-373808EE575B}
		{45940B78-894C-3729-846D-0C9C8BAD18B4} = {45940B78-894C-3729-846D-0C9C8BAD18B4}
	EndProjectSection
EndProject
Project("{8BC9CEB8-8B4A-11D0-8D11-00A0C91BC942}") = "system_test", "system_test.vcxproj", "{EFD0ABA8-17CA-388B-8FB6-ED80BB548314}"
	ProjectSection(ProjectDependencies) = postProject
		{D6F9552B-3010-3B4C-9EB3-373808EE575B} = {D6F9552B-3010-3B4C-9EB3-373808EE575B}
		{45940B78-894C-3729-846D-0C9C8BAD18B4} = {45940B78-894C-3729-846D-0C9C8BAD18B4}
	EndProjectSection
EndProject
Project("{8BC9CEB8-8B4A-11D0-8D11-00A0C91BC942}") = "tags_component_test", "tags_component_test.vcxproj", "{4AEC85CD-A5C1-3CA6-BA0B-1835EF50A9B6}"
	ProjectSection(ProjectDependencies) = postProject
		{D6F9552B-3010-3B4C-9EB3-373808EE575B} = {D6F9552B-3010-3B4C-9EB3-373808EE575B}
		{45940B78-894C-3729-846D-0C9C8BAD18B4} = {45940B78-894C-3729-846D-0C9C8BAD18B4}
	EndProjectSection
EndProject
Project("{2150E333-8FDC-42A3-9474-1A3956D46DE8}") = "CMakePredefinedTargets", "CMakePredefinedTargets", "{3F81A0C1-F061-3241-BC8B-7D820A039BEB}"
EndProject
Project("{2150E333-8FDC-42A3-9474-1A3956D46DE8}") = "entityx", "entityx", "{9E0DF9ED-B004-335E-B283-72093AB4C17F}"
EndProject
Project("{2150E333-8FDC-42A3-9474-1A3956D46DE8}") = "tests", "entityx\tests", "{28E707DF-6DF6-3407-95DE-490E6E7AF7F5}"
EndProject
Global
	GlobalSection(SolutionConfigurationPlatforms) = preSolution
		Debug|Win32 = Debug|Win32
		Release|Win32 = Release|Win32
		MinSizeRel|Win32 = MinSizeRel|Win32
		RelWithDebInfo|Win32 = RelWithDebInfo|Win32
	EndGlobalSection
	GlobalSection(ProjectConfigurationPlatforms) = postSolution
		{E5378C3C-4C50-34FF-AE8B-DB249714EAE0}.Debug|Win32.ActiveCfg = Debug|Win32
		{E5378C3C-4C50-34FF-AE8B-DB249714EAE0}.Debug|Win32.Build.0 = Debug|Win32
		{E5378C3C-4C50-34FF-AE8B-DB249714EAE0}.Release|Win32.ActiveCfg = Release|Win32
		{E5378C3C-4C50-34FF-AE8B-DB249714EAE0}.Release|Win32.Build.0 = Release|Win32
		{E5378C3C-4C50-34FF-AE8B-DB249714EAE0}.MinSizeRel|Win32.ActiveCfg = MinSizeRel|Win32
		{E5378C3C-4C50-34FF-AE8B-DB249714EAE0}.MinSizeRel|Win32.Build.0 = MinSizeRel|Win32
		{E5378C3C-4C50-34FF-AE8B-DB249714EAE0}.RelWithDebInfo|Win32.ActiveCfg = RelWithDebInfo|Win32
		{E5378C3C-4C50-34FF-AE8B-DB249714EAE0}.RelWithDebInfo|Win32.Build.0 = RelWithDebInfo|Win32
		{62B0D120-43CC-3822-BADA-C635F4B9199F}.Debug|Win32.ActiveCfg = Debug|Win32
		{62B0D120-43CC-3822-BADA-C635F4B9199F}.Release|Win32.ActiveCfg = Release|Win32
		{62B0D120-43CC-3822-BADA-C635F4B9199F}.MinSizeRel|Win32.ActiveCfg = MinSizeRel|Win32
		{62B0D120-43CC-3822-BADA-C635F4B9199F}.RelWithDebInfo|Win32.ActiveCfg = RelWithDebInfo|Win32
		{B59774D6-7F7C-3BE4-85FF-3AF080A39119}.Debug|Win32.ActiveCfg = Debug|Win32
		{B59774D6-7F7C-3BE4-85FF-3AF080A39119}.Release|Win32.ActiveCfg = Release|Win32
		{B59774D6-7F7C-3BE4-85FF-3AF080A39119}.MinSizeRel|Win32.ActiveCfg = MinSizeRel|Win32
		{B59774D6-7F7C-3BE4-85FF-3AF080A39119}.RelWithDebInfo|Win32.ActiveCfg = RelWithDebInfo|Win32
		{D6F9552B-3010-3B4C-9EB3-373808EE575B}.Debug|Win32.ActiveCfg = Debug|Win32
		{D6F9552B-3010-3B4C-9EB3-373808EE575B}.Debug|Win32.Build.0 = Debug|Win32
		{D6F9552B-3010-3B4C-9EB3-373808EE575B}.Release|Win32.ActiveCfg = Release|Win32
		{D6F9552B-3010-3B4C-9EB3-373808EE575B}.Release|Win32.Build.0 = Release|Win32
		{D6F9552B-3010-3B4C-9EB3-373808EE575B}.MinSizeRel|Win32.ActiveCfg = MinSizeRel|Win32
		{D6F9552B-3010-3B4C-9EB3-373808EE575B}.MinSizeRel|Win32.Build.0 = MinSizeRel|Win32
		{D6F9552B-3010-3B4C-9EB3-373808EE575B}.RelWithDebInfo|Win32.ActiveCfg = RelWithDebInfo|Win32
		{D6F9552B-3010-3B4C-9EB3-373808EE575B}.RelWithDebInfo|Win32.Build.0 = RelWithDebInfo|Win32
		{7165D6E9-D52D-303B-97FF-605211E7AEF7}.Debug|Win32.ActiveCfg = Debug|Win32
		{7165D6E9-D52D-303B-97FF-605211E7AEF7}.Debug|Win32.Build.0 = Debug|Win32
		{7165D6E9-D52D-303B-97FF-605211E7AEF7}.Release|Win32.ActiveCfg = Release|Win32
		{7165D6E9-D52D-303B-97FF-605211E7AEF7}.Release|Win32.Build.0 = Release|Win32
		{7165D6E9-D52D-303B-97FF-605211E7AEF7}.MinSizeRel|Win32.ActiveCfg = MinSizeRel|Win32
		{7165D6E9-D52D-303B-97FF-605211E7AEF7}.MinSizeRel|Win32.Build.0 = MinSizeRel|Win32
		{7165D6E9-D52D-303B-97FF-605211E7AEF7}.RelWithDebInfo|Win32.ActiveCfg = RelWithDebInfo|Win32
		{7165D6E9-D52D-303B-97FF-605211E7AEF7}.RelWithDebInfo|Win32.Build.0 = RelWithDebInfo|Win32
		{DF547117-3E49-3A07-8DF6-770B9977757B}.Debug|Win32.ActiveCfg = Debug|Win32
		{DF547117-3E49-3A07-8DF6-770B9977757B}.Debug|Win32.Build.0 = Debug|Win32
		{DF547117-3E49-3A07-8DF6-770B9977757B}.Release|Win32.ActiveCfg = Release|Win32
		{DF547117-3E49-3A07-8DF6-770B9977757B}.Release|Win32.Build.0 = Release|Win32
		{DF547117-3E49-3A07-8DF6-770B9977757B}.MinSizeRel|Win32.ActiveCfg = MinSizeRel|Win32
		{DF547117-3E49-3A07-8DF6-770B9977757B}.MinSizeRel|Win32.Build.0 = MinSizeRel|Win32
		{DF547117-3E49-3A07-8DF6-770B9977757B}.RelWithDebInfo|Win32.ActiveCfg = RelWithDebInfo|Win32
		{DF547117-3E49-3A07-8DF6-770B9977757B}.RelWithDebInfo|Win32.Build.0 = RelWithDebInfo|Win32
		{F498420B-8169-389C-96F2-A5FFB6A9840F}.Debug|Win32.ActiveCfg = Debug|Win32
		{F498420B-8169-389C-96F2-A5FFB6A9840F}.Debug|Win32.Build.0 = Debug|Win32
		{F498420B-8169-389C-96F2-A5FFB6A9840F}.Release|Win32.ActiveCfg = Release|Win32
		{F498420B-8169-389C-96F2-A5FFB6A9840F}.Release|Win32.Build.0 = Release|Win32
		{F498420B-8169-389C-96F2-A5FFB6A9840F}.MinSizeRel|Win32.ActiveCfg = MinSizeRel|Win32
		{F498420B-8169-389C-96F2-A5FFB6A9840F}.MinSizeRel|Win32.Build.0 = MinSizeRel|Win32
		{F498420B-8169-389C-96F2-A5FFB6A9840F}.RelWithDebInfo|Win32.ActiveCfg = RelWithDebInfo|Win32
		{F498420B-8169-389C-96F2-A5FFB6A9840F}.RelWithDebInfo|Win32.Build.0 = RelWithDebInfo|Win32
		{45940B78-894C-3729-846D-0C9C8BAD18B4}.Debug|Win32.ActiveCfg = Debug|Win32
		{45940B78-894C-3729-846D-0C9C8BAD18B4}.Debug|Win32.Build.0 = Debug|Win32
		{45940B78-894C-3729-846D-0C9C8BAD18B4}.Release|Win32.ActiveCfg = Release|Win32
		{45940B78-894C-3729-846D-0C9C8BAD18B4}.Release|Win32.Build.0 = Release|Win32
		{45940B78-894C-3729-846D-0C9C8BAD18B4}.MinSizeRel|Win32.ActiveCfg = MinSizeRel|Win32
		{45940B78-894C-3729-846D-0C9C8BAD18B4}.MinSizeRel|Win32.Build.0 = MinSizeRel|Win32
		{45940B78-894C-3729-846D-0C9C8BAD18B4}.RelWithDebInfo|Win32.ActiveCfg = RelWithDebInfo|Win32
		{45940B78-894C-3729-846D-0C9C8BAD18B4}.RelWithDebInfo|Win32.Build.0 = RelWithDebInfo|Win32
		{309A8DD2-9EDE-3014-8566-C9EF3D30E0F6}.Debug|Win32.ActiveCfg = Debug|Win32
		{309A8DD2-9EDE-3014-8566-C9EF3D30E0F6}.Debug|Win32.Build.0 = Debug|Win32
		{309A8DD2-9EDE-3014-8566-C9EF3D30E0F6}.Release|Win32.ActiveCfg = Release|Win32
		{309A8DD2-9EDE-3014-8566-C9EF3D30E0F6}.Release|Win32.Build.0 = Release|Win32
		{309A8DD2-9EDE-3014-8566-C9EF3D30E0F6}.MinSizeRel|Win32.ActiveCfg = MinSizeRel|Win32
		{309A8DD2-9EDE-3014-8566-C9EF3D30E0F6}.MinSizeRel|Win32.Build.0 = MinSizeRel|Win32
		{309A8DD2-9EDE-3014-8566-C9EF3D30E0F6}.RelWithDebInfo|Win32.ActiveCfg = RelWithDebInfo|Win32
		{309A8DD2-9EDE-3014-8566-C9EF3D30E0F6}.RelWithDebInfo|Win32.Build.0 = RelWithDebInfo|Win32
		{7829D768-70C3-3713-AE9B-7930C088BD52}.Debug|Win32.ActiveCfg = Debug|Win32
		{7829D768-70C3-3713-AE9B-7930C088BD52}.Debug|Win32.Build.0 = Debug|Win32
		{7829D768-70C3-3713-AE9B-7930C088BD52}.Release|Win32.ActiveCfg = Release|Win32
		{7829D768-70C3-3713-AE9B-7930C088BD52}.Release|Win32.Build.0 = Release|Win32
		{7829D768-70C3-3713-AE9B-7930C088BD52}.MinSizeRel|Win32.ActiveCfg = MinSizeRel|Win32
		{7829D768-70C3-3713-AE9B-7930C088BD52}.MinSizeRel|Win32.Build.0 = MinSizeRel|Win32
		{7829D768-70C3-3713-AE9B-7930C088BD52}.RelWithDebInfo|Win32.ActiveCfg = RelWithDebInfo|Win32
		{7829D768-70C3-3713-AE9B-7930C088BD52}.RelWithDebInfo|Win32.Build.0 = RelWithDebInfo|Win32
		{EFD0ABA8-17CA-388B-8FB6-ED80BB548314}.Debug|Win32.ActiveCfg = Debug|Win32
		{EFD0ABA8-17CA-388B-8FB6-ED80BB548314}.Debug|Win32.Build.0 = Debug|Win32
		{EFD0ABA8-17CA-388B-8FB6-ED80BB548314}.Release|Win32.ActiveCfg = Release|Win32
		{EFD0ABA8-17CA-388B-8FB6-ED80BB548314}.Release|Win32.Build.0 = Release|Win32
		{EFD0ABA8-17CA-388B-8FB6-ED80BB548314}.MinSizeRel|Win32.ActiveCfg = MinSizeRel|Win32
		{EFD0ABA8-17CA-388B-8FB6-ED80BB548314}.MinSizeRel|Win32.Build.0 = MinSizeRel|Win32
		{EFD0ABA8-17CA-388B-8FB6-ED80BB548314}.RelWithDebInfo|Win32.ActiveCfg = RelWithDebInfo|Win32
		{EFD0ABA8-17CA-388B-8FB6-ED80BB548314}.RelWithDebInfo|Win32.Build.0 = RelWithDebInfo|Win32
		{4AEC85CD-A5C1-3CA6-BA0B-1835EF50A9B6}.Debug|Win32.ActiveCfg = Debug|Win32
		{4AEC85CD-A5C1-3CA6-BA0B-1835EF50A9B6}.Debug|Win32.Build.0 = Debug|Win32
		{4AEC85CD-A5C1-3CA6-BA0B-1835EF50A9B6}.Release|Win32.ActiveCfg = Release|Win32
		{4AEC85CD-A5C1-3CA6-BA0B-1835EF50A9B6}.Release|Win32.Build.0 = Release|Win32
		{4AEC85CD-A5C1-3CA6-BA0B-1835EF50A9B6}.MinSizeRel|Win32.ActiveCfg = MinSizeRel|Win32
		{4AEC85CD-A5C1-3CA6-BA0B-1835EF50A9B6}.MinSizeRel|Win32.Build.0 = MinSizeRel|Win32
		{4AEC85CD-A5C1-3CA6-BA0B-1835EF50A9B6}.RelWithDebInfo|Win32.ActiveCfg = RelWithDebInfo|Win32
		{4AEC85CD-A5C1-3CA6-BA0B-1835EF50A9B6}.RelWithDebInfo|Win32.Build.0 = RelWithDebInfo|Win32
	EndGlobalSection
	GlobalSection(NestedProjects) = preSolution
		{62B0D120-43CC-3822-BADA-C635F4B9199F} = {3F81A0C1-F061-3241-BC8B-7D820A039BEB}
		{B59774D6-7F7C-3BE4-85FF-3AF080A39119} = {3F81A0C1-F061-3241-BC8B-7D820A039BEB}
		{D6F9552B-3010-3B4C-9EB3-373808EE575B} = {3F81A0C1-F061-3241-BC8B-7D820A039BEB}
		{28E707DF-6DF6-3407-95DE-490E6E7AF7F5} = {9E0DF9ED-B004-335E-B283-72093AB4C17F}
		{45940B78-894C-3729-846D-0C9C8BAD18B4} = {9E0DF9ED-B004-335E-B283-72093AB4C17F}
		{7165D6E9-D52D-303B-97FF-605211E7AEF7} = {28E707DF-6DF6-3407-95DE-490E6E7AF7F5}
		{DF547117-3E49-3A07-8DF6-770B9977757B} = {28E707DF-6DF6-3407-95DE-490E6E7AF7F5}
		{F498420B-8169-389C-96F2-A5FFB6A9840F} = {28E707DF-6DF6-3407-95DE-490E6E7AF7F5}
		{309A8DD2-9EDE-3014-8566-C9EF3D30E0F6} = {28E707DF-6DF6-3407-95DE-490E6E7AF7F5}
		{7829D768-70C3-3713-AE9B-7930C088BD52} = {28E707DF-6DF6-3407-95DE-490E6E7AF7F5}
		{EFD0ABA8-17CA-388B-8FB6-ED80BB548314} = {28E707DF-6DF6-3407-95DE-490E6E7AF7F5}
		{4AEC85CD-A5C1-3CA6-BA0B-1835EF50A9B6} = {28E707DF-6DF6-3407-95DE-490E6E7AF7F5}
	EndGlobalSection
	GlobalSection(ExtensibilityGlobals) = postSolution
	EndGlobalSection
	GlobalSection(ExtensibilityAddIns) = postSolution
	EndGlobalSection
EndGlobal
