Microsoft Visual Studio Solution File, Format Version 12.00
# Visual Studio 14
Project("{2150E333-8FDC-42A3-9474-1A3956D46DE8}") = "CMakePredefinedTargets", "CMakePredefinedTargets", "{F0BA7915-FFA0-3F3C-9297-672192333B5F}"
EndProject
Project("{2150E333-8FDC-42A3-9474-1A3956D46DE8}") = "entityx", "entityx", "{ACDE20FA-370F-3FEC-8298-2D0F17A048B2}"
EndProject
Project("{2150E333-8FDC-42A3-9474-1A3956D46DE8}") = "tests", "entityx\tests", "{2DEE5BCB-4459-30B4-B2E7-8724CDC29B94}"
EndProject
Project("{8BC9CEB8-8B4A-11D0-8D11-00A0C91BC942}") = "ALL_BUILD", "ALL_BUILD.vcxproj", "{B36A1371-349F-3A81-8A6A-DCBF77E5B8CD}"
	ProjectSection(ProjectDependencies) = postProject
		{A42674D1-9ACC-3C0E-9B82-409252ADAAEE} = {A42674D1-9ACC-3C0E-9B82-409252ADAAEE}
		{A238E297-8E30-3BF6-8FC0-09C1FB8DE06A} = {A238E297-8E30-3BF6-8FC0-09C1FB8DE06A}
		{DD2826B9-2E48-3450-B31D-8520420548D2} = {DD2826B9-2E48-3450-B31D-8520420548D2}
		{2A05E553-38FA-3863-81F2-A5B87D6B1BBA} = {2A05E553-38FA-3863-81F2-A5B87D6B1BBA}
		{8E1EFF05-9D0D-39A9-B3B4-171EE303AB39} = {8E1EFF05-9D0D-39A9-B3B4-171EE303AB39}
		{4EA5CE22-E514-305C-958B-8BEDF8DC01AE} = {4EA5CE22-E514-305C-958B-8BEDF8DC01AE}
		{72ACC688-AA07-3389-BE73-047C99F8017C} = {72ACC688-AA07-3389-BE73-047C99F8017C}
		{0528F49F-31F6-3304-97F8-BE9F89F83DE4} = {0528F49F-31F6-3304-97F8-BE9F89F83DE4}
		{92FCD153-F309-35BC-A95C-1CE690273824} = {92FCD153-F309-35BC-A95C-1CE690273824}
	EndProjectSection
EndProject
Project("{8BC9CEB8-8B4A-11D0-8D11-00A0C91BC942}") = "INSTALL", "INSTALL.vcxproj", "{FCF6D684-B48E-3D3D-96AC-FBA9BF525321}"
	ProjectSection(ProjectDependencies) = postProject
		{B36A1371-349F-3A81-8A6A-DCBF77E5B8CD} = {B36A1371-349F-3A81-8A6A-DCBF77E5B8CD}
		{A42674D1-9ACC-3C0E-9B82-409252ADAAEE} = {A42674D1-9ACC-3C0E-9B82-409252ADAAEE}
	EndProjectSection
EndProject
Project("{8BC9CEB8-8B4A-11D0-8D11-00A0C91BC942}") = "RUN_TESTS", "RUN_TESTS.vcxproj", "{B0C3CAF1-E70E-3F0D-92B0-7EBF88D70506}"
	ProjectSection(ProjectDependencies) = postProject
		{A42674D1-9ACC-3C0E-9B82-409252ADAAEE} = {A42674D1-9ACC-3C0E-9B82-409252ADAAEE}
	EndProjectSection
EndProject
Project("{8BC9CEB8-8B4A-11D0-8D11-00A0C91BC942}") = "ZERO_CHECK", "ZERO_CHECK.vcxproj", "{A42674D1-9ACC-3C0E-9B82-409252ADAAEE}"
	ProjectSection(ProjectDependencies) = postProject
	EndProjectSection
EndProject
Project("{8BC9CEB8-8B4A-11D0-8D11-00A0C91BC942}") = "benchmarks_test", "benchmarks_test.vcxproj", "{A238E297-8E30-3BF6-8FC0-09C1FB8DE06A}"
	ProjectSection(ProjectDependencies) = postProject
		{A42674D1-9ACC-3C0E-9B82-409252ADAAEE} = {A42674D1-9ACC-3C0E-9B82-409252ADAAEE}
		{8E1EFF05-9D0D-39A9-B3B4-171EE303AB39} = {8E1EFF05-9D0D-39A9-B3B4-171EE303AB39}
	EndProjectSection
EndProject
Project("{8BC9CEB8-8B4A-11D0-8D11-00A0C91BC942}") = "dependencies_test", "dependencies_test.vcxproj", "{DD2826B9-2E48-3450-B31D-8520420548D2}"
	ProjectSection(ProjectDependencies) = postProject
		{A42674D1-9ACC-3C0E-9B82-409252ADAAEE} = {A42674D1-9ACC-3C0E-9B82-409252ADAAEE}
		{8E1EFF05-9D0D-39A9-B3B4-171EE303AB39} = {8E1EFF05-9D0D-39A9-B3B4-171EE303AB39}
	EndProjectSection
EndProject
Project("{8BC9CEB8-8B4A-11D0-8D11-00A0C91BC942}") = "entity_test", "entity_test.vcxproj", "{2A05E553-38FA-3863-81F2-A5B87D6B1BBA}"
	ProjectSection(ProjectDependencies) = postProject
		{A42674D1-9ACC-3C0E-9B82-409252ADAAEE} = {A42674D1-9ACC-3C0E-9B82-409252ADAAEE}
		{8E1EFF05-9D0D-39A9-B3B4-171EE303AB39} = {8E1EFF05-9D0D-39A9-B3B4-171EE303AB39}
	EndProjectSection
EndProject
Project("{8BC9CEB8-8B4A-11D0-8D11-00A0C91BC942}") = "entityx", "entityx.vcxproj", "{8E1EFF05-9D0D-39A9-B3B4-171EE303AB39}"
	ProjectSection(ProjectDependencies) = postProject
		{A42674D1-9ACC-3C0E-9B82-409252ADAAEE} = {A42674D1-9ACC-3C0E-9B82-409252ADAAEE}
	EndProjectSection
EndProject
Project("{8BC9CEB8-8B4A-11D0-8D11-00A0C91BC942}") = "event_test", "event_test.vcxproj", "{4EA5CE22-E514-305C-958B-8BEDF8DC01AE}"
	ProjectSection(ProjectDependencies) = postProject
		{A42674D1-9ACC-3C0E-9B82-409252ADAAEE} = {A42674D1-9ACC-3C0E-9B82-409252ADAAEE}
		{8E1EFF05-9D0D-39A9-B3B4-171EE303AB39} = {8E1EFF05-9D0D-39A9-B3B4-171EE303AB39}
	EndProjectSection
EndProject
Project("{8BC9CEB8-8B4A-11D0-8D11-00A0C91BC942}") = "pool_test", "pool_test.vcxproj", "{72ACC688-AA07-3389-BE73-047C99F8017C}"
	ProjectSection(ProjectDependencies) = postProject
		{A42674D1-9ACC-3C0E-9B82-409252ADAAEE} = {A42674D1-9ACC-3C0E-9B82-409252ADAAEE}
		{8E1EFF05-9D0D-39A9-B3B4-171EE303AB39} = {8E1EFF05-9D0D-39A9-B3B4-171EE303AB39}
	EndProjectSection
EndProject
Project("{8BC9CEB8-8B4A-11D0-8D11-00A0C91BC942}") = "system_test", "system_test.vcxproj", "{0528F49F-31F6-3304-97F8-BE9F89F83DE4}"
	ProjectSection(ProjectDependencies) = postProject
		{A42674D1-9ACC-3C0E-9B82-409252ADAAEE} = {A42674D1-9ACC-3C0E-9B82-409252ADAAEE}
		{8E1EFF05-9D0D-39A9-B3B4-171EE303AB39} = {8E1EFF05-9D0D-39A9-B3B4-171EE303AB39}
	EndProjectSection
EndProject
Project("{8BC9CEB8-8B4A-11D0-8D11-00A0C91BC942}") = "tags_component_test", "tags_component_test.vcxproj", "{92FCD153-F309-35BC-A95C-1CE690273824}"
	ProjectSection(ProjectDependencies) = postProject
		{A42674D1-9ACC-3C0E-9B82-409252ADAAEE} = {A42674D1-9ACC-3C0E-9B82-409252ADAAEE}
		{8E1EFF05-9D0D-39A9-B3B4-171EE303AB39} = {8E1EFF05-9D0D-39A9-B3B4-171EE303AB39}
	EndProjectSection
EndProject
Global
	GlobalSection(SolutionConfigurationPlatforms) = preSolution
		Debug|Win32 = Debug|Win32
		Release|Win32 = Release|Win32
		MinSizeRel|Win32 = MinSizeRel|Win32
		RelWithDebInfo|Win32 = RelWithDebInfo|Win32
	EndGlobalSection
	GlobalSection(ProjectConfigurationPlatforms) = postSolution
		{B36A1371-349F-3A81-8A6A-DCBF77E5B8CD}.Debug|Win32.ActiveCfg = Debug|Win32
		{B36A1371-349F-3A81-8A6A-DCBF77E5B8CD}.Debug|Win32.Build.0 = Debug|Win32
		{B36A1371-349F-3A81-8A6A-DCBF77E5B8CD}.Release|Win32.ActiveCfg = Release|Win32
		{B36A1371-349F-3A81-8A6A-DCBF77E5B8CD}.Release|Win32.Build.0 = Release|Win32
		{B36A1371-349F-3A81-8A6A-DCBF77E5B8CD}.MinSizeRel|Win32.ActiveCfg = MinSizeRel|Win32
		{B36A1371-349F-3A81-8A6A-DCBF77E5B8CD}.MinSizeRel|Win32.Build.0 = MinSizeRel|Win32
		{B36A1371-349F-3A81-8A6A-DCBF77E5B8CD}.RelWithDebInfo|Win32.ActiveCfg = RelWithDebInfo|Win32
		{B36A1371-349F-3A81-8A6A-DCBF77E5B8CD}.RelWithDebInfo|Win32.Build.0 = RelWithDebInfo|Win32
		{FCF6D684-B48E-3D3D-96AC-FBA9BF525321}.Debug|Win32.ActiveCfg = Debug|Win32
		{FCF6D684-B48E-3D3D-96AC-FBA9BF525321}.Release|Win32.ActiveCfg = Release|Win32
		{FCF6D684-B48E-3D3D-96AC-FBA9BF525321}.MinSizeRel|Win32.ActiveCfg = MinSizeRel|Win32
		{FCF6D684-B48E-3D3D-96AC-FBA9BF525321}.RelWithDebInfo|Win32.ActiveCfg = RelWithDebInfo|Win32
		{B0C3CAF1-E70E-3F0D-92B0-7EBF88D70506}.Debug|Win32.ActiveCfg = Debug|Win32
		{B0C3CAF1-E70E-3F0D-92B0-7EBF88D70506}.Release|Win32.ActiveCfg = Release|Win32
		{B0C3CAF1-E70E-3F0D-92B0-7EBF88D70506}.MinSizeRel|Win32.ActiveCfg = MinSizeRel|Win32
		{B0C3CAF1-E70E-3F0D-92B0-7EBF88D70506}.RelWithDebInfo|Win32.ActiveCfg = RelWithDebInfo|Win32
		{A42674D1-9ACC-3C0E-9B82-409252ADAAEE}.Debug|Win32.ActiveCfg = Debug|Win32
		{A42674D1-9ACC-3C0E-9B82-409252ADAAEE}.Debug|Win32.Build.0 = Debug|Win32
		{A42674D1-9ACC-3C0E-9B82-409252ADAAEE}.Release|Win32.ActiveCfg = Release|Win32
		{A42674D1-9ACC-3C0E-9B82-409252ADAAEE}.Release|Win32.Build.0 = Release|Win32
		{A42674D1-9ACC-3C0E-9B82-409252ADAAEE}.MinSizeRel|Win32.ActiveCfg = MinSizeRel|Win32
		{A42674D1-9ACC-3C0E-9B82-409252ADAAEE}.MinSizeRel|Win32.Build.0 = MinSizeRel|Win32
		{A42674D1-9ACC-3C0E-9B82-409252ADAAEE}.RelWithDebInfo|Win32.ActiveCfg = RelWithDebInfo|Win32
		{A42674D1-9ACC-3C0E-9B82-409252ADAAEE}.RelWithDebInfo|Win32.Build.0 = RelWithDebInfo|Win32
		{A238E297-8E30-3BF6-8FC0-09C1FB8DE06A}.Debug|Win32.ActiveCfg = Debug|Win32
		{A238E297-8E30-3BF6-8FC0-09C1FB8DE06A}.Debug|Win32.Build.0 = Debug|Win32
		{A238E297-8E30-3BF6-8FC0-09C1FB8DE06A}.Release|Win32.ActiveCfg = Release|Win32
		{A238E297-8E30-3BF6-8FC0-09C1FB8DE06A}.Release|Win32.Build.0 = Release|Win32
		{A238E297-8E30-3BF6-8FC0-09C1FB8DE06A}.MinSizeRel|Win32.ActiveCfg = MinSizeRel|Win32
		{A238E297-8E30-3BF6-8FC0-09C1FB8DE06A}.MinSizeRel|Win32.Build.0 = MinSizeRel|Win32
		{A238E297-8E30-3BF6-8FC0-09C1FB8DE06A}.RelWithDebInfo|Win32.ActiveCfg = RelWithDebInfo|Win32
		{A238E297-8E30-3BF6-8FC0-09C1FB8DE06A}.RelWithDebInfo|Win32.Build.0 = RelWithDebInfo|Win32
		{DD2826B9-2E48-3450-B31D-8520420548D2}.Debug|Win32.ActiveCfg = Debug|Win32
		{DD2826B9-2E48-3450-B31D-8520420548D2}.Debug|Win32.Build.0 = Debug|Win32
		{DD2826B9-2E48-3450-B31D-8520420548D2}.Release|Win32.ActiveCfg = Release|Win32
		{DD2826B9-2E48-3450-B31D-8520420548D2}.Release|Win32.Build.0 = Release|Win32
		{DD2826B9-2E48-3450-B31D-8520420548D2}.MinSizeRel|Win32.ActiveCfg = MinSizeRel|Win32
		{DD2826B9-2E48-3450-B31D-8520420548D2}.MinSizeRel|Win32.Build.0 = MinSizeRel|Win32
		{DD2826B9-2E48-3450-B31D-8520420548D2}.RelWithDebInfo|Win32.ActiveCfg = RelWithDebInfo|Win32
		{DD2826B9-2E48-3450-B31D-8520420548D2}.RelWithDebInfo|Win32.Build.0 = RelWithDebInfo|Win32
		{2A05E553-38FA-3863-81F2-A5B87D6B1BBA}.Debug|Win32.ActiveCfg = Debug|Win32
		{2A05E553-38FA-3863-81F2-A5B87D6B1BBA}.Debug|Win32.Build.0 = Debug|Win32
		{2A05E553-38FA-3863-81F2-A5B87D6B1BBA}.Release|Win32.ActiveCfg = Release|Win32
		{2A05E553-38FA-3863-81F2-A5B87D6B1BBA}.Release|Win32.Build.0 = Release|Win32
		{2A05E553-38FA-3863-81F2-A5B87D6B1BBA}.MinSizeRel|Win32.ActiveCfg = MinSizeRel|Win32
		{2A05E553-38FA-3863-81F2-A5B87D6B1BBA}.MinSizeRel|Win32.Build.0 = MinSizeRel|Win32
		{2A05E553-38FA-3863-81F2-A5B87D6B1BBA}.RelWithDebInfo|Win32.ActiveCfg = RelWithDebInfo|Win32
		{2A05E553-38FA-3863-81F2-A5B87D6B1BBA}.RelWithDebInfo|Win32.Build.0 = RelWithDebInfo|Win32
		{8E1EFF05-9D0D-39A9-B3B4-171EE303AB39}.Debug|Win32.ActiveCfg = Debug|Win32
		{8E1EFF05-9D0D-39A9-B3B4-171EE303AB39}.Debug|Win32.Build.0 = Debug|Win32
		{8E1EFF05-9D0D-39A9-B3B4-171EE303AB39}.Release|Win32.ActiveCfg = Release|Win32
		{8E1EFF05-9D0D-39A9-B3B4-171EE303AB39}.Release|Win32.Build.0 = Release|Win32
		{8E1EFF05-9D0D-39A9-B3B4-171EE303AB39}.MinSizeRel|Win32.ActiveCfg = MinSizeRel|Win32
		{8E1EFF05-9D0D-39A9-B3B4-171EE303AB39}.MinSizeRel|Win32.Build.0 = MinSizeRel|Win32
		{8E1EFF05-9D0D-39A9-B3B4-171EE303AB39}.RelWithDebInfo|Win32.ActiveCfg = RelWithDebInfo|Win32
		{8E1EFF05-9D0D-39A9-B3B4-171EE303AB39}.RelWithDebInfo|Win32.Build.0 = RelWithDebInfo|Win32
		{4EA5CE22-E514-305C-958B-8BEDF8DC01AE}.Debug|Win32.ActiveCfg = Debug|Win32
		{4EA5CE22-E514-305C-958B-8BEDF8DC01AE}.Debug|Win32.Build.0 = Debug|Win32
		{4EA5CE22-E514-305C-958B-8BEDF8DC01AE}.Release|Win32.ActiveCfg = Release|Win32
		{4EA5CE22-E514-305C-958B-8BEDF8DC01AE}.Release|Win32.Build.0 = Release|Win32
		{4EA5CE22-E514-305C-958B-8BEDF8DC01AE}.MinSizeRel|Win32.ActiveCfg = MinSizeRel|Win32
		{4EA5CE22-E514-305C-958B-8BEDF8DC01AE}.MinSizeRel|Win32.Build.0 = MinSizeRel|Win32
		{4EA5CE22-E514-305C-958B-8BEDF8DC01AE}.RelWithDebInfo|Win32.ActiveCfg = RelWithDebInfo|Win32
		{4EA5CE22-E514-305C-958B-8BEDF8DC01AE}.RelWithDebInfo|Win32.Build.0 = RelWithDebInfo|Win32
		{72ACC688-AA07-3389-BE73-047C99F8017C}.Debug|Win32.ActiveCfg = Debug|Win32
		{72ACC688-AA07-3389-BE73-047C99F8017C}.Debug|Win32.Build.0 = Debug|Win32
		{72ACC688-AA07-3389-BE73-047C99F8017C}.Release|Win32.ActiveCfg = Release|Win32
		{72ACC688-AA07-3389-BE73-047C99F8017C}.Release|Win32.Build.0 = Release|Win32
		{72ACC688-AA07-3389-BE73-047C99F8017C}.MinSizeRel|Win32.ActiveCfg = MinSizeRel|Win32
		{72ACC688-AA07-3389-BE73-047C99F8017C}.MinSizeRel|Win32.Build.0 = MinSizeRel|Win32
		{72ACC688-AA07-3389-BE73-047C99F8017C}.RelWithDebInfo|Win32.ActiveCfg = RelWithDebInfo|Win32
		{72ACC688-AA07-3389-BE73-047C99F8017C}.RelWithDebInfo|Win32.Build.0 = RelWithDebInfo|Win32
		{0528F49F-31F6-3304-97F8-BE9F89F83DE4}.Debug|Win32.ActiveCfg = Debug|Win32
		{0528F49F-31F6-3304-97F8-BE9F89F83DE4}.Debug|Win32.Build.0 = Debug|Win32
		{0528F49F-31F6-3304-97F8-BE9F89F83DE4}.Release|Win32.ActiveCfg = Release|Win32
		{0528F49F-31F6-3304-97F8-BE9F89F83DE4}.Release|Win32.Build.0 = Release|Win32
		{0528F49F-31F6-3304-97F8-BE9F89F83DE4}.MinSizeRel|Win32.ActiveCfg = MinSizeRel|Win32
		{0528F49F-31F6-3304-97F8-BE9F89F83DE4}.MinSizeRel|Win32.Build.0 = MinSizeRel|Win32
		{0528F49F-31F6-3304-97F8-BE9F89F83DE4}.RelWithDebInfo|Win32.ActiveCfg = RelWithDebInfo|Win32
		{0528F49F-31F6-3304-97F8-BE9F89F83DE4}.RelWithDebInfo|Win32.Build.0 = RelWithDebInfo|Win32
		{92FCD153-F309-35BC-A95C-1CE690273824}.Debug|Win32.ActiveCfg = Debug|Win32
		{92FCD153-F309-35BC-A95C-1CE690273824}.Debug|Win32.Build.0 = Debug|Win32
		{92FCD153-F309-35BC-A95C-1CE690273824}.Release|Win32.ActiveCfg = Release|Win32
		{92FCD153-F309-35BC-A95C-1CE690273824}.Release|Win32.Build.0 = Release|Win32
		{92FCD153-F309-35BC-A95C-1CE690273824}.MinSizeRel|Win32.ActiveCfg = MinSizeRel|Win32
		{92FCD153-F309-35BC-A95C-1CE690273824}.MinSizeRel|Win32.Build.0 = MinSizeRel|Win32
		{92FCD153-F309-35BC-A95C-1CE690273824}.RelWithDebInfo|Win32.ActiveCfg = RelWithDebInfo|Win32
		{92FCD153-F309-35BC-A95C-1CE690273824}.RelWithDebInfo|Win32.Build.0 = RelWithDebInfo|Win32
	EndGlobalSection
	GlobalSection(NestedProjects) = preSolution
		{B36A1371-349F-3A81-8A6A-DCBF77E5B8CD} = {F0BA7915-FFA0-3F3C-9297-672192333B5F}
		{FCF6D684-B48E-3D3D-96AC-FBA9BF525321} = {F0BA7915-FFA0-3F3C-9297-672192333B5F}
		{B0C3CAF1-E70E-3F0D-92B0-7EBF88D70506} = {F0BA7915-FFA0-3F3C-9297-672192333B5F}
		{A42674D1-9ACC-3C0E-9B82-409252ADAAEE} = {F0BA7915-FFA0-3F3C-9297-672192333B5F}
		{2DEE5BCB-4459-30B4-B2E7-8724CDC29B94} = {ACDE20FA-370F-3FEC-8298-2D0F17A048B2}
		{8E1EFF05-9D0D-39A9-B3B4-171EE303AB39} = {ACDE20FA-370F-3FEC-8298-2D0F17A048B2}
		{A238E297-8E30-3BF6-8FC0-09C1FB8DE06A} = {2DEE5BCB-4459-30B4-B2E7-8724CDC29B94}
		{DD2826B9-2E48-3450-B31D-8520420548D2} = {2DEE5BCB-4459-30B4-B2E7-8724CDC29B94}
		{2A05E553-38FA-3863-81F2-A5B87D6B1BBA} = {2DEE5BCB-4459-30B4-B2E7-8724CDC29B94}
		{4EA5CE22-E514-305C-958B-8BEDF8DC01AE} = {2DEE5BCB-4459-30B4-B2E7-8724CDC29B94}
		{72ACC688-AA07-3389-BE73-047C99F8017C} = {2DEE5BCB-4459-30B4-B2E7-8724CDC29B94}
		{0528F49F-31F6-3304-97F8-BE9F89F83DE4} = {2DEE5BCB-4459-30B4-B2E7-8724CDC29B94}
		{92FCD153-F309-35BC-A95C-1CE690273824} = {2DEE5BCB-4459-30B4-B2E7-8724CDC29B94}
	EndGlobalSection
	GlobalSection(ExtensibilityGlobals) = postSolution
	EndGlobalSection
	GlobalSection(ExtensibilityAddIns) = postSolution
	EndGlobalSection
EndGlobal
