<?xml version="1.0" encoding="UTF-8"?>
<Project ToolsVersion="14.0" xmlns="http://schemas.microsoft.com/developer/msbuild/2003">
  <ItemGroup>
    <CustomBuild Include="E:\ProjectBedevilment\Bedevilment\OpenSource\eXtendedMirror-master\CMakeFiles\1ee90929258c613af5dae0cb313277cc\generate.stamp.rule">
      <Filter>CMake Rules</Filter>
    </CustomBuild>
  </ItemGroup>
  <ItemGroup>
    <Filter Include="CMake Rules">
      <UniqueIdentifier>{E53E05B6-5542-3E58-8632-87384F95BDAA}</UniqueIdentifier>
    </Filter>
  </ItemGroup>
</Project>
